// !$*UTF8*$!
{
	archiveVersion = 1;
	classes = {
	};
	objectVersion = 56;
	objects = {

/* Begin PBXBuildFile section */
		4FAC05A92A76787D006705DB /* NowPlayingImagePresenter.swift in Sources */ = {isa = PBXBuildFile; fileRef = 4FAC05A82A76787D006705DB /* NowPlayingImagePresenter.swift */; };
		4FAC05AB2A7678BE006705DB /* NowPlayingImageViewModel.swift in Sources */ = {isa = PBXBuildFile; fileRef = 4FAC05AA2A7678BE006705DB /* NowPlayingImageViewModel.swift */; };
		4FAC05AD2A768EF5006705DB /* NowPlayingCell+ext.swift in Sources */ = {isa = PBXBuildFile; fileRef = 4FAC05AC2A768EF5006705DB /* NowPlayingCell+ext.swift */; };
		4FAC05AF2A768F70006705DB /* UIView+ext.swift in Sources */ = {isa = PBXBuildFile; fileRef = 4FAC05AE2A768F70006705DB /* UIView+ext.swift */; };
		4FAC05B32A76A0AA006705DB /* DMMedia.framework in Frameworks */ = {isa = PBXBuildFile; fileRef = 4FAC05B22A76A0AA006705DB /* DMMedia.framework */; };
		4FAC05B42A76A0AA006705DB /* DMMedia.framework in Embed Frameworks */ = {isa = PBXBuildFile; fileRef = 4FAC05B22A76A0AA006705DB /* DMMedia.framework */; settings = {ATTRIBUTES = (CodeSignOnCopy, RemoveHeadersOnCopy, ); }; };
		4FAC063A2A76CE9F006705DB /* DMCommon.framework in Frameworks */ = {isa = PBXBuildFile; fileRef = 4FAC06392A76CE9F006705DB /* DMCommon.framework */; };
		4FAC063B2A76CE9F006705DB /* DMCommon.framework in Embed Frameworks */ = {isa = PBXBuildFile; fileRef = 4FAC06392A76CE9F006705DB /* DMCommon.framework */; settings = {ATTRIBUTES = (CodeSignOnCopy, RemoveHeadersOnCopy, ); }; };
		4FD638D52A727A7600688A26 /* DMNowPlayingiOS.h in Headers */ = {isa = PBXBuildFile; fileRef = 4FD638D42A727A7600688A26 /* DMNowPlayingiOS.h */; settings = {ATTRIBUTES = (Public, ); }; };
		4FD638DD2A727C0C00688A26 /* NowPlayingViewController.swift in Sources */ = {isa = PBXBuildFile; fileRef = 4FD638DC2A727C0C00688A26 /* NowPlayingViewController.swift */; };
		4FD638DF2A727C4400688A26 /* NowPlayingCell.swift in Sources */ = {isa = PBXBuildFile; fileRef = 4FD638DE2A727C4400688A26 /* NowPlayingCell.swift */; };
		4FD6391B2A73753300688A26 /* DMCommoniOS.framework in Frameworks */ = {isa = PBXBuildFile; fileRef = 4FD6391A2A73753300688A26 /* DMCommoniOS.framework */; };
		4FD6391C2A73753300688A26 /* DMCommoniOS.framework in Embed Frameworks */ = {isa = PBXBuildFile; fileRef = 4FD6391A2A73753300688A26 /* DMCommoniOS.framework */; settings = {ATTRIBUTES = (CodeSignOnCopy, RemoveHeadersOnCopy, ); }; };
		4FD639612A74F57600688A26 /* DMNowPlaying.framework in Frameworks */ = {isa = PBXBuildFile; fileRef = 4FD639592A74F57600688A26 /* DMNowPlaying.framework */; };
		4FD639662A74F57600688A26 /* RemoteNowPlayingLoaderTests.swift in Sources */ = {isa = PBXBuildFile; fileRef = 4FD639652A74F57600688A26 /* RemoteNowPlayingLoaderTests.swift */; };
		4FD639672A74F57600688A26 /* DMNowPlaying.h in Headers */ = {isa = PBXBuildFile; fileRef = 4FD6395B2A74F57600688A26 /* DMNowPlaying.h */; settings = {ATTRIBUTES = (Public, ); }; };
		4FD639702A74F5F900688A26 /* NowPlayingLoader.swift in Sources */ = {isa = PBXBuildFile; fileRef = 4FD6396F2A74F5F900688A26 /* NowPlayingLoader.swift */; };
		4FD639722A74F6D600688A26 /* NowPlayingFeed.swift in Sources */ = {isa = PBXBuildFile; fileRef = 4FD639712A74F6D600688A26 /* NowPlayingFeed.swift */; };
		4FD639742A74F73C00688A26 /* NowPlayingItem.swift in Sources */ = {isa = PBXBuildFile; fileRef = 4FD639732A74F73C00688A26 /* NowPlayingItem.swift */; };
		4FD639772A74F80E00688A26 /* RemoteNowPlayingLoader.swift in Sources */ = {isa = PBXBuildFile; fileRef = 4FD639762A74F80E00688A26 /* RemoteNowPlayingLoader.swift */; };
		4FD639792A74F85900688A26 /* DMNetworking.framework in Frameworks */ = {isa = PBXBuildFile; fileRef = 4FD639782A74F85900688A26 /* DMNetworking.framework */; };
		4FD6397A2A74F85900688A26 /* DMNetworking.framework in Embed Frameworks */ = {isa = PBXBuildFile; fileRef = 4FD639782A74F85900688A26 /* DMNetworking.framework */; settings = {ATTRIBUTES = (CodeSignOnCopy, RemoveHeadersOnCopy, ); }; };
		4FD6397D2A74FA2200688A26 /* XCTestCase+Ext.swift in Sources */ = {isa = PBXBuildFile; fileRef = 4FD6397C2A74FA2200688A26 /* XCTestCase+Ext.swift */; };
		4FD6397F2A74FB9200688A26 /* HTTPClientSpy.swift in Sources */ = {isa = PBXBuildFile; fileRef = 4FD6397E2A74FB9200688A26 /* HTTPClientSpy.swift */; };
		4FD639812A75066100688A26 /* NowPlayingItemsMapper.swift in Sources */ = {isa = PBXBuildFile; fileRef = 4FD639802A75066100688A26 /* NowPlayingItemsMapper.swift */; };
		4FD639822A750C6B00688A26 /* DMNowPlaying.framework in Frameworks */ = {isa = PBXBuildFile; fileRef = 4FD639592A74F57600688A26 /* DMNowPlaying.framework */; platformFilter = ios; };
		4FD639832A750C6B00688A26 /* DMNowPlaying.framework in Embed Frameworks */ = {isa = PBXBuildFile; fileRef = 4FD639592A74F57600688A26 /* DMNowPlaying.framework */; platformFilter = ios; settings = {ATTRIBUTES = (CodeSignOnCopy, RemoveHeadersOnCopy, ); }; };
		4FD639892A75F1CA00688A26 /* NowPlayingPresenter.swift in Sources */ = {isa = PBXBuildFile; fileRef = 4FD639882A75F1CA00688A26 /* NowPlayingPresenter.swift */; };
		4FD6398C2A75F33500688A26 /* NowPlayingViewModel.swift in Sources */ = {isa = PBXBuildFile; fileRef = 4FD6398B2A75F33500688A26 /* NowPlayingViewModel.swift */; };
		4FD6398E2A75F35E00688A26 /* NowPlayingLoadingViewModel.swift in Sources */ = {isa = PBXBuildFile; fileRef = 4FD6398D2A75F35E00688A26 /* NowPlayingLoadingViewModel.swift */; };
		4FD639902A75F37800688A26 /* NowPlayingPagingViewModel.swift in Sources */ = {isa = PBXBuildFile; fileRef = 4FD6398F2A75F37800688A26 /* NowPlayingPagingViewModel.swift */; };
		4FD639922A75F4A100688A26 /* NowPlayingPresenterTests.swift in Sources */ = {isa = PBXBuildFile; fileRef = 4FD639912A75F4A100688A26 /* NowPlayingPresenterTests.swift */; };
		4FD639952A75F78500688A26 /* NowPlayingUIComposer.swift in Sources */ = {isa = PBXBuildFile; fileRef = 4FD639942A75F78500688A26 /* NowPlayingUIComposer.swift */; };
		4FD639982A75F8E700688A26 /* NowPlayingPresentationAdapter.swift in Sources */ = {isa = PBXBuildFile; fileRef = 4FD639972A75F8E700688A26 /* NowPlayingPresentationAdapter.swift */; };
		4FD6399B2A763DB800688A26 /* NowPlayingRefreshController.swift in Sources */ = {isa = PBXBuildFile; fileRef = 4FD6399A2A763DB800688A26 /* NowPlayingRefreshController.swift */; };
		4FD6399D2A7640D900688A26 /* NowPlayingPagingController.swift in Sources */ = {isa = PBXBuildFile; fileRef = 4FD6399C2A7640D900688A26 /* NowPlayingPagingController.swift */; };
		4FD6399F2A76423100688A26 /* NowPlayingCellController.swift in Sources */ = {isa = PBXBuildFile; fileRef = 4FD6399E2A76423100688A26 /* NowPlayingCellController.swift */; };
		4FD639A12A76433000688A26 /* NowPlayingViewAdapter.swift in Sources */ = {isa = PBXBuildFile; fileRef = 4FD639A02A76433000688A26 /* NowPlayingViewAdapter.swift */; };
		4FD639A32A76489700688A26 /* NowPlayingItemPresentationAdapter.swift in Sources */ = {isa = PBXBuildFile; fileRef = 4FD639A22A76489700688A26 /* NowPlayingItemPresentationAdapter.swift */; };
		4FD639AB2A764CDC00688A26 /* NowPlayingViewControllerTests.swift in Sources */ = {isa = PBXBuildFile; fileRef = 4FD639AA2A764CDC00688A26 /* NowPlayingViewControllerTests.swift */; };
		4FD639AC2A764CDC00688A26 /* DMNowPlayingiOS.framework in Frameworks */ = {isa = PBXBuildFile; fileRef = 4FD638D12A727A7600688A26 /* DMNowPlayingiOS.framework */; };
		4FD639B42A764D7000688A26 /* NowPlayingviewController+ext.swift in Sources */ = {isa = PBXBuildFile; fileRef = 4FD639B32A764D7000688A26 /* NowPlayingviewController+ext.swift */; };
		4FD639B62A764D9C00688A26 /* UIControl+ext.swift in Sources */ = {isa = PBXBuildFile; fileRef = 4FD639B52A764D9C00688A26 /* UIControl+ext.swift */; };
		4FD639B82A764DC700688A26 /* UIRefreshControl+ext.swift in Sources */ = {isa = PBXBuildFile; fileRef = 4FD639B72A764DC700688A26 /* UIRefreshControl+ext.swift */; };
		4FD639B92A764E0E00688A26 /* XCTestCase+Ext.swift in Sources */ = {isa = PBXBuildFile; fileRef = 4FD6397C2A74FA2200688A26 /* XCTestCase+Ext.swift */; };
		4FFF39D92A7750F70039033F /* Genre.swift in Sources */ = {isa = PBXBuildFile; fileRef = 4FFF39D82A7750F70039033F /* Genre.swift */; };
		4FFF39DB2A7751350039033F /* GenresLoader.swift in Sources */ = {isa = PBXBuildFile; fileRef = 4FFF39DA2A7751350039033F /* GenresLoader.swift */; };
		4FFF39DD2A7751BE0039033F /* RemoteGenresLoader.swift in Sources */ = {isa = PBXBuildFile; fileRef = 4FFF39DC2A7751BE0039033F /* RemoteGenresLoader.swift */; };
		4FFF39DF2A7751C80039033F /* GenresMapper.swift in Sources */ = {isa = PBXBuildFile; fileRef = 4FFF39DE2A7751C80039033F /* GenresMapper.swift */; };
		4FFF39E12A7758370039033F /* NowPlayingItemviewModel.swift in Sources */ = {isa = PBXBuildFile; fileRef = 4FFF39E02A7758370039033F /* NowPlayingItemviewModel.swift */; };
		4FFF39E32A77662D0039033F /* RemoteSearchMovieLoader.swift in Sources */ = {isa = PBXBuildFile; fileRef = 4FFF39E22A77662D0039033F /* RemoteSearchMovieLoader.swift */; };
		4FFF39E52A77687D0039033F /* SearchController.swift in Sources */ = {isa = PBXBuildFile; fileRef = 4FFF39E42A77687D0039033F /* SearchController.swift */; };
/* End PBXBuildFile section */

/* Begin PBXContainerItemProxy section */
		4FD639622A74F57600688A26 /* PBXContainerItemProxy */ = {
			isa = PBXContainerItemProxy;
			containerPortal = 4FD638C82A727A7600688A26 /* Project object */;
			proxyType = 1;
			remoteGlobalIDString = 4FD639582A74F57600688A26;
			remoteInfo = DMNowPlaying;
		};
		4FD639842A750C6B00688A26 /* PBXContainerItemProxy */ = {
			isa = PBXContainerItemProxy;
			containerPortal = 4FD638C82A727A7600688A26 /* Project object */;
			proxyType = 1;
			remoteGlobalIDString = 4FD639582A74F57600688A26;
			remoteInfo = DMNowPlaying;
		};
		4FD639AD2A764CDC00688A26 /* PBXContainerItemProxy */ = {
			isa = PBXContainerItemProxy;
			containerPortal = 4FD638C82A727A7600688A26 /* Project object */;
			proxyType = 1;
			remoteGlobalIDString = 4FD638D02A727A7600688A26;
			remoteInfo = DMNowPlayingiOS;
		};
/* End PBXContainerItemProxy section */

/* Begin PBXCopyFilesBuildPhase section */
		4FD6391D2A73753300688A26 /* Embed Frameworks */ = {
			isa = PBXCopyFilesBuildPhase;
			buildActionMask = 2147483647;
			dstPath = "";
			dstSubfolderSpec = 10;
			files = (
				4FAC063B2A76CE9F006705DB /* DMCommon.framework in Embed Frameworks */,
				4FD6391C2A73753300688A26 /* DMCommoniOS.framework in Embed Frameworks */,
				4FD639832A750C6B00688A26 /* DMNowPlaying.framework in Embed Frameworks */,
			);
			name = "Embed Frameworks";
			runOnlyForDeploymentPostprocessing = 0;
		};
		4FD6397B2A74F85900688A26 /* Embed Frameworks */ = {
			isa = PBXCopyFilesBuildPhase;
			buildActionMask = 2147483647;
			dstPath = "";
			dstSubfolderSpec = 10;
			files = (
				4FAC05B42A76A0AA006705DB /* DMMedia.framework in Embed Frameworks */,
				4FD6397A2A74F85900688A26 /* DMNetworking.framework in Embed Frameworks */,
			);
			name = "Embed Frameworks";
			runOnlyForDeploymentPostprocessing = 0;
		};
/* End PBXCopyFilesBuildPhase section */

/* Begin PBXFileReference section */
		4FAC05A82A76787D006705DB /* NowPlayingImagePresenter.swift */ = {isa = PBXFileReference; lastKnownFileType = sourcecode.swift; path = NowPlayingImagePresenter.swift; sourceTree = "<group>"; };
		4FAC05AA2A7678BE006705DB /* NowPlayingImageViewModel.swift */ = {isa = PBXFileReference; lastKnownFileType = sourcecode.swift; path = NowPlayingImageViewModel.swift; sourceTree = "<group>"; };
		4FAC05AC2A768EF5006705DB /* NowPlayingCell+ext.swift */ = {isa = PBXFileReference; lastKnownFileType = sourcecode.swift; path = "NowPlayingCell+ext.swift"; sourceTree = "<group>"; };
		4FAC05AE2A768F70006705DB /* UIView+ext.swift */ = {isa = PBXFileReference; lastKnownFileType = sourcecode.swift; path = "UIView+ext.swift"; sourceTree = "<group>"; };
		4FAC05B22A76A0AA006705DB /* DMMedia.framework */ = {isa = PBXFileReference; explicitFileType = wrapper.framework; path = DMMedia.framework; sourceTree = BUILT_PRODUCTS_DIR; };
		4FAC06392A76CE9F006705DB /* DMCommon.framework */ = {isa = PBXFileReference; explicitFileType = wrapper.framework; path = DMCommon.framework; sourceTree = BUILT_PRODUCTS_DIR; };
		4FD638D12A727A7600688A26 /* DMNowPlayingiOS.framework */ = {isa = PBXFileReference; explicitFileType = wrapper.framework; includeInIndex = 0; path = DMNowPlayingiOS.framework; sourceTree = BUILT_PRODUCTS_DIR; };
		4FD638D42A727A7600688A26 /* DMNowPlayingiOS.h */ = {isa = PBXFileReference; lastKnownFileType = sourcecode.c.h; path = DMNowPlayingiOS.h; sourceTree = "<group>"; };
		4FD638DC2A727C0C00688A26 /* NowPlayingViewController.swift */ = {isa = PBXFileReference; lastKnownFileType = sourcecode.swift; path = NowPlayingViewController.swift; sourceTree = "<group>"; };
		4FD638DE2A727C4400688A26 /* NowPlayingCell.swift */ = {isa = PBXFileReference; lastKnownFileType = sourcecode.swift; path = NowPlayingCell.swift; sourceTree = "<group>"; };
		4FD6391A2A73753300688A26 /* DMCommoniOS.framework */ = {isa = PBXFileReference; explicitFileType = wrapper.framework; path = DMCommoniOS.framework; sourceTree = BUILT_PRODUCTS_DIR; };
		4FD639592A74F57600688A26 /* DMNowPlaying.framework */ = {isa = PBXFileReference; explicitFileType = wrapper.framework; includeInIndex = 0; path = DMNowPlaying.framework; sourceTree = BUILT_PRODUCTS_DIR; };
		4FD6395B2A74F57600688A26 /* DMNowPlaying.h */ = {isa = PBXFileReference; lastKnownFileType = sourcecode.c.h; path = DMNowPlaying.h; sourceTree = "<group>"; };
		4FD639602A74F57600688A26 /* DMNowPlayingTests.xctest */ = {isa = PBXFileReference; explicitFileType = wrapper.cfbundle; includeInIndex = 0; path = DMNowPlayingTests.xctest; sourceTree = BUILT_PRODUCTS_DIR; };
		4FD639652A74F57600688A26 /* RemoteNowPlayingLoaderTests.swift */ = {isa = PBXFileReference; lastKnownFileType = sourcecode.swift; path = RemoteNowPlayingLoaderTests.swift; sourceTree = "<group>"; };
		4FD6396F2A74F5F900688A26 /* NowPlayingLoader.swift */ = {isa = PBXFileReference; lastKnownFileType = sourcecode.swift; path = NowPlayingLoader.swift; sourceTree = "<group>"; };
		4FD639712A74F6D600688A26 /* NowPlayingFeed.swift */ = {isa = PBXFileReference; lastKnownFileType = sourcecode.swift; path = NowPlayingFeed.swift; sourceTree = "<group>"; };
		4FD639732A74F73C00688A26 /* NowPlayingItem.swift */ = {isa = PBXFileReference; lastKnownFileType = sourcecode.swift; path = NowPlayingItem.swift; sourceTree = "<group>"; };
		4FD639762A74F80E00688A26 /* RemoteNowPlayingLoader.swift */ = {isa = PBXFileReference; lastKnownFileType = sourcecode.swift; path = RemoteNowPlayingLoader.swift; sourceTree = "<group>"; };
		4FD639782A74F85900688A26 /* DMNetworking.framework */ = {isa = PBXFileReference; explicitFileType = wrapper.framework; path = DMNetworking.framework; sourceTree = BUILT_PRODUCTS_DIR; };
		4FD6397C2A74FA2200688A26 /* XCTestCase+Ext.swift */ = {isa = PBXFileReference; lastKnownFileType = sourcecode.swift; path = "XCTestCase+Ext.swift"; sourceTree = "<group>"; };
		4FD6397E2A74FB9200688A26 /* HTTPClientSpy.swift */ = {isa = PBXFileReference; lastKnownFileType = sourcecode.swift; path = HTTPClientSpy.swift; sourceTree = "<group>"; };
		4FD639802A75066100688A26 /* NowPlayingItemsMapper.swift */ = {isa = PBXFileReference; lastKnownFileType = sourcecode.swift; path = NowPlayingItemsMapper.swift; sourceTree = "<group>"; };
		4FD639882A75F1CA00688A26 /* NowPlayingPresenter.swift */ = {isa = PBXFileReference; lastKnownFileType = sourcecode.swift; path = NowPlayingPresenter.swift; sourceTree = "<group>"; };
		4FD6398B2A75F33500688A26 /* NowPlayingViewModel.swift */ = {isa = PBXFileReference; lastKnownFileType = sourcecode.swift; path = NowPlayingViewModel.swift; sourceTree = "<group>"; };
		4FD6398D2A75F35E00688A26 /* NowPlayingLoadingViewModel.swift */ = {isa = PBXFileReference; lastKnownFileType = sourcecode.swift; path = NowPlayingLoadingViewModel.swift; sourceTree = "<group>"; };
		4FD6398F2A75F37800688A26 /* NowPlayingPagingViewModel.swift */ = {isa = PBXFileReference; lastKnownFileType = sourcecode.swift; path = NowPlayingPagingViewModel.swift; sourceTree = "<group>"; };
		4FD639912A75F4A100688A26 /* NowPlayingPresenterTests.swift */ = {isa = PBXFileReference; lastKnownFileType = sourcecode.swift; path = NowPlayingPresenterTests.swift; sourceTree = "<group>"; };
		4FD639942A75F78500688A26 /* NowPlayingUIComposer.swift */ = {isa = PBXFileReference; lastKnownFileType = sourcecode.swift; path = NowPlayingUIComposer.swift; sourceTree = "<group>"; };
		4FD639972A75F8E700688A26 /* NowPlayingPresentationAdapter.swift */ = {isa = PBXFileReference; lastKnownFileType = sourcecode.swift; path = NowPlayingPresentationAdapter.swift; sourceTree = "<group>"; };
		4FD6399A2A763DB800688A26 /* NowPlayingRefreshController.swift */ = {isa = PBXFileReference; lastKnownFileType = sourcecode.swift; path = NowPlayingRefreshController.swift; sourceTree = "<group>"; };
		4FD6399C2A7640D900688A26 /* NowPlayingPagingController.swift */ = {isa = PBXFileReference; lastKnownFileType = sourcecode.swift; path = NowPlayingPagingController.swift; sourceTree = "<group>"; };
		4FD6399E2A76423100688A26 /* NowPlayingCellController.swift */ = {isa = PBXFileReference; lastKnownFileType = sourcecode.swift; path = NowPlayingCellController.swift; sourceTree = "<group>"; };
		4FD639A02A76433000688A26 /* NowPlayingViewAdapter.swift */ = {isa = PBXFileReference; lastKnownFileType = sourcecode.swift; path = NowPlayingViewAdapter.swift; sourceTree = "<group>"; };
		4FD639A22A76489700688A26 /* NowPlayingItemPresentationAdapter.swift */ = {isa = PBXFileReference; lastKnownFileType = sourcecode.swift; path = NowPlayingItemPresentationAdapter.swift; sourceTree = "<group>"; };
		4FD639A82A764CDC00688A26 /* DMNowPlayingiOSTests.xctest */ = {isa = PBXFileReference; explicitFileType = wrapper.cfbundle; includeInIndex = 0; path = DMNowPlayingiOSTests.xctest; sourceTree = BUILT_PRODUCTS_DIR; };
		4FD639AA2A764CDC00688A26 /* NowPlayingViewControllerTests.swift */ = {isa = PBXFileReference; lastKnownFileType = sourcecode.swift; path = NowPlayingViewControllerTests.swift; sourceTree = "<group>"; };
		4FD639B32A764D7000688A26 /* NowPlayingviewController+ext.swift */ = {isa = PBXFileReference; lastKnownFileType = sourcecode.swift; path = "NowPlayingviewController+ext.swift"; sourceTree = "<group>"; };
		4FD639B52A764D9C00688A26 /* UIControl+ext.swift */ = {isa = PBXFileReference; lastKnownFileType = sourcecode.swift; path = "UIControl+ext.swift"; sourceTree = "<group>"; };
		4FD639B72A764DC700688A26 /* UIRefreshControl+ext.swift */ = {isa = PBXFileReference; lastKnownFileType = sourcecode.swift; path = "UIRefreshControl+ext.swift"; sourceTree = "<group>"; };
		4FFF39D82A7750F70039033F /* Genre.swift */ = {isa = PBXFileReference; lastKnownFileType = sourcecode.swift; path = Genre.swift; sourceTree = "<group>"; };
		4FFF39DA2A7751350039033F /* GenresLoader.swift */ = {isa = PBXFileReference; lastKnownFileType = sourcecode.swift; path = GenresLoader.swift; sourceTree = "<group>"; };
		4FFF39DC2A7751BE0039033F /* RemoteGenresLoader.swift */ = {isa = PBXFileReference; lastKnownFileType = sourcecode.swift; path = RemoteGenresLoader.swift; sourceTree = "<group>"; };
		4FFF39DE2A7751C80039033F /* GenresMapper.swift */ = {isa = PBXFileReference; lastKnownFileType = sourcecode.swift; path = GenresMapper.swift; sourceTree = "<group>"; };
		4FFF39E02A7758370039033F /* NowPlayingItemviewModel.swift */ = {isa = PBXFileReference; lastKnownFileType = sourcecode.swift; path = NowPlayingItemviewModel.swift; sourceTree = "<group>"; };
		4FFF39E22A77662D0039033F /* RemoteSearchMovieLoader.swift */ = {isa = PBXFileReference; lastKnownFileType = sourcecode.swift; path = RemoteSearchMovieLoader.swift; sourceTree = "<group>"; };
		4FFF39E42A77687D0039033F /* SearchController.swift */ = {isa = PBXFileReference; lastKnownFileType = sourcecode.swift; path = SearchController.swift; sourceTree = "<group>"; };
/* End PBXFileReference section */

/* Begin PBXFrameworksBuildPhase section */
		4FD638CE2A727A7600688A26 /* Frameworks */ = {
			isa = PBXFrameworksBuildPhase;
			buildActionMask = 2147483647;
			files = (
				4FAC063A2A76CE9F006705DB /* DMCommon.framework in Frameworks */,
				4FD6391B2A73753300688A26 /* DMCommoniOS.framework in Frameworks */,
				4FD639822A750C6B00688A26 /* DMNowPlaying.framework in Frameworks */,
			);
			runOnlyForDeploymentPostprocessing = 0;
		};
		4FD639562A74F57600688A26 /* Frameworks */ = {
			isa = PBXFrameworksBuildPhase;
			buildActionMask = 2147483647;
			files = (
				4FAC05B32A76A0AA006705DB /* DMMedia.framework in Frameworks */,
				4FD639792A74F85900688A26 /* DMNetworking.framework in Frameworks */,
			);
			runOnlyForDeploymentPostprocessing = 0;
		};
		4FD6395D2A74F57600688A26 /* Frameworks */ = {
			isa = PBXFrameworksBuildPhase;
			buildActionMask = 2147483647;
			files = (
				4FD639612A74F57600688A26 /* DMNowPlaying.framework in Frameworks */,
			);
			runOnlyForDeploymentPostprocessing = 0;
		};
		4FD639A52A764CDC00688A26 /* Frameworks */ = {
			isa = PBXFrameworksBuildPhase;
			buildActionMask = 2147483647;
			files = (
				4FD639AC2A764CDC00688A26 /* DMNowPlayingiOS.framework in Frameworks */,
			);
			runOnlyForDeploymentPostprocessing = 0;
		};
/* End PBXFrameworksBuildPhase section */

/* Begin PBXGroup section */
		4FD638C72A727A7600688A26 = {
			isa = PBXGroup;
			children = (
				4FD638D32A727A7600688A26 /* DMNowPlayingiOS */,
				4FD6395A2A74F57600688A26 /* DMNowPlaying */,
				4FD639642A74F57600688A26 /* DMNowPlayingTests */,
				4FD639A92A764CDC00688A26 /* DMNowPlayingiOSTests */,
				4FD638D22A727A7600688A26 /* Products */,
				4FD639192A7374DA00688A26 /* Frameworks */,
			);
			sourceTree = "<group>";
		};
		4FD638D22A727A7600688A26 /* Products */ = {
			isa = PBXGroup;
			children = (
				4FD638D12A727A7600688A26 /* DMNowPlayingiOS.framework */,
				4FD639592A74F57600688A26 /* DMNowPlaying.framework */,
				4FD639602A74F57600688A26 /* DMNowPlayingTests.xctest */,
				4FD639A82A764CDC00688A26 /* DMNowPlayingiOSTests.xctest */,
			);
			name = Products;
			sourceTree = "<group>";
		};
		4FD638D32A727A7600688A26 /* DMNowPlayingiOS */ = {
			isa = PBXGroup;
			children = (
				4FD638DB2A727BF900688A26 /* Sources */,
				4FD638D42A727A7600688A26 /* DMNowPlayingiOS.h */,
			);
			path = DMNowPlayingiOS;
			sourceTree = "<group>";
		};
		4FD638DB2A727BF900688A26 /* Sources */ = {
			isa = PBXGroup;
			children = (
				4FD639962A75F8C000688A26 /* Adapters */,
				4FD639932A75F6AF00688A26 /* Composers */,
				4FD639992A75FA3400688A26 /* Controllers */,
				4FD639BE2A765A9900688A26 /* Views */,
			);
			path = Sources;
			sourceTree = "<group>";
		};
		4FD639192A7374DA00688A26 /* Frameworks */ = {
			isa = PBXGroup;
			children = (
				4FAC06392A76CE9F006705DB /* DMCommon.framework */,
				4FAC05B22A76A0AA006705DB /* DMMedia.framework */,
				4FD639782A74F85900688A26 /* DMNetworking.framework */,
				4FD6391A2A73753300688A26 /* DMCommoniOS.framework */,
			);
			name = Frameworks;
			sourceTree = "<group>";
		};
		4FD6395A2A74F57600688A26 /* DMNowPlaying */ = {
			isa = PBXGroup;
			children = (
				4FD6396E2A74F5E900688A26 /* Sources */,
				4FD6395B2A74F57600688A26 /* DMNowPlaying.h */,
			);
			path = DMNowPlaying;
			sourceTree = "<group>";
		};
		4FD639642A74F57600688A26 /* DMNowPlayingTests */ = {
			isa = PBXGroup;
			children = (
				4FD639BB2A765A1F00688A26 /* API */,
				4FD639BD2A765A2E00688A26 /* Utils */,
				4FD639BC2A765A2600688A26 /* Presentation */,
			);
			path = DMNowPlayingTests;
			sourceTree = "<group>";
		};
		4FD6396E2A74F5E900688A26 /* Sources */ = {
			isa = PBXGroup;
			children = (
				4FD639872A75F1BF00688A26 /* Presentation */,
				4FD639752A74F7EB00688A26 /* Feature */,
				4FD639862A75F1B900688A26 /* API */,
			);
			path = Sources;
			sourceTree = "<group>";
		};
		4FD639752A74F7EB00688A26 /* Feature */ = {
			isa = PBXGroup;
			children = (
				4FD6396F2A74F5F900688A26 /* NowPlayingLoader.swift */,
				4FD639712A74F6D600688A26 /* NowPlayingFeed.swift */,
				4FD639732A74F73C00688A26 /* NowPlayingItem.swift */,
				4FFF39D82A7750F70039033F /* Genre.swift */,
				4FFF39DA2A7751350039033F /* GenresLoader.swift */,
			);
			path = Feature;
			sourceTree = "<group>";
		};
		4FD639862A75F1B900688A26 /* API */ = {
			isa = PBXGroup;
			children = (
				4FD639762A74F80E00688A26 /* RemoteNowPlayingLoader.swift */,
				4FD639802A75066100688A26 /* NowPlayingItemsMapper.swift */,
				4FFF39DC2A7751BE0039033F /* RemoteGenresLoader.swift */,
				4FFF39DE2A7751C80039033F /* GenresMapper.swift */,
				4FFF39E22A77662D0039033F /* RemoteSearchMovieLoader.swift */,
			);
			path = API;
			sourceTree = "<group>";
		};
		4FD639872A75F1BF00688A26 /* Presentation */ = {
			isa = PBXGroup;
			children = (
				4FD6398A2A75F32900688A26 /* Models */,
				4FD639882A75F1CA00688A26 /* NowPlayingPresenter.swift */,
				4FAC05A82A76787D006705DB /* NowPlayingImagePresenter.swift */,
			);
			path = Presentation;
			sourceTree = "<group>";
		};
		4FD6398A2A75F32900688A26 /* Models */ = {
			isa = PBXGroup;
			children = (
				4FD6398B2A75F33500688A26 /* NowPlayingViewModel.swift */,
				4FD6398D2A75F35E00688A26 /* NowPlayingLoadingViewModel.swift */,
				4FD6398F2A75F37800688A26 /* NowPlayingPagingViewModel.swift */,
				4FAC05AA2A7678BE006705DB /* NowPlayingImageViewModel.swift */,
				4FFF39E02A7758370039033F /* NowPlayingItemviewModel.swift */,
			);
			path = Models;
			sourceTree = "<group>";
		};
		4FD639932A75F6AF00688A26 /* Composers */ = {
			isa = PBXGroup;
			children = (
				4FD639942A75F78500688A26 /* NowPlayingUIComposer.swift */,
			);
			path = Composers;
			sourceTree = "<group>";
		};
		4FD639962A75F8C000688A26 /* Adapters */ = {
			isa = PBXGroup;
			children = (
				4FD639972A75F8E700688A26 /* NowPlayingPresentationAdapter.swift */,
				4FD639A02A76433000688A26 /* NowPlayingViewAdapter.swift */,
				4FD639A22A76489700688A26 /* NowPlayingItemPresentationAdapter.swift */,
			);
			path = Adapters;
			sourceTree = "<group>";
		};
		4FD639992A75FA3400688A26 /* Controllers */ = {
			isa = PBXGroup;
			children = (
				4FD638DC2A727C0C00688A26 /* NowPlayingViewController.swift */,
				4FD6399A2A763DB800688A26 /* NowPlayingRefreshController.swift */,
				4FD6399C2A7640D900688A26 /* NowPlayingPagingController.swift */,
				4FD6399E2A76423100688A26 /* NowPlayingCellController.swift */,
				4FFF39E42A77687D0039033F /* SearchController.swift */,
			);
			path = Controllers;
			sourceTree = "<group>";
		};
		4FD639A92A764CDC00688A26 /* DMNowPlayingiOSTests */ = {
			isa = PBXGroup;
			children = (
				4FD639B22A764D6200688A26 /* Utils */,
				4FD639BA2A76581400688A26 /* Controllers */,
			);
			path = DMNowPlayingiOSTests;
			sourceTree = "<group>";
		};
		4FD639B22A764D6200688A26 /* Utils */ = {
			isa = PBXGroup;
			children = (
				4FD639B32A764D7000688A26 /* NowPlayingviewController+ext.swift */,
				4FD639B52A764D9C00688A26 /* UIControl+ext.swift */,
				4FD639B72A764DC700688A26 /* UIRefreshControl+ext.swift */,
				4FAC05AC2A768EF5006705DB /* NowPlayingCell+ext.swift */,
			);
			path = Utils;
			sourceTree = "<group>";
		};
		4FD639BA2A76581400688A26 /* Controllers */ = {
			isa = PBXGroup;
			children = (
				4FD639AA2A764CDC00688A26 /* NowPlayingViewControllerTests.swift */,
			);
			path = Controllers;
			sourceTree = "<group>";
		};
		4FD639BB2A765A1F00688A26 /* API */ = {
			isa = PBXGroup;
			children = (
				4FD639652A74F57600688A26 /* RemoteNowPlayingLoaderTests.swift */,
			);
			path = API;
			sourceTree = "<group>";
		};
		4FD639BC2A765A2600688A26 /* Presentation */ = {
			isa = PBXGroup;
			children = (
				4FD639912A75F4A100688A26 /* NowPlayingPresenterTests.swift */,
			);
			path = Presentation;
			sourceTree = "<group>";
		};
		4FD639BD2A765A2E00688A26 /* Utils */ = {
			isa = PBXGroup;
			children = (
				4FD6397C2A74FA2200688A26 /* XCTestCase+Ext.swift */,
				4FD6397E2A74FB9200688A26 /* HTTPClientSpy.swift */,
			);
			path = Utils;
			sourceTree = "<group>";
		};
		4FD639BE2A765A9900688A26 /* Views */ = {
			isa = PBXGroup;
			children = (
				4FD638DE2A727C4400688A26 /* NowPlayingCell.swift */,
				4FAC05AE2A768F70006705DB /* UIView+ext.swift */,
			);
			path = Views;
			sourceTree = "<group>";
		};
/* End PBXGroup section */

/* Begin PBXHeadersBuildPhase section */
		4FD638CC2A727A7600688A26 /* Headers */ = {
			isa = PBXHeadersBuildPhase;
			buildActionMask = 2147483647;
			files = (
				4FD638D52A727A7600688A26 /* DMNowPlayingiOS.h in Headers */,
			);
			runOnlyForDeploymentPostprocessing = 0;
		};
		4FD639542A74F57600688A26 /* Headers */ = {
			isa = PBXHeadersBuildPhase;
			buildActionMask = 2147483647;
			files = (
				4FD639672A74F57600688A26 /* DMNowPlaying.h in Headers */,
			);
			runOnlyForDeploymentPostprocessing = 0;
		};
/* End PBXHeadersBuildPhase section */

/* Begin PBXNativeTarget section */
		4FD638D02A727A7600688A26 /* DMNowPlayingiOS */ = {
			isa = PBXNativeTarget;
			buildConfigurationList = 4FD638D82A727A7600688A26 /* Build configuration list for PBXNativeTarget "DMNowPlayingiOS" */;
			buildPhases = (
				4FD638CC2A727A7600688A26 /* Headers */,
				4FD638CD2A727A7600688A26 /* Sources */,
				4FD638CE2A727A7600688A26 /* Frameworks */,
				4FD638CF2A727A7600688A26 /* Resources */,
				4FD6391D2A73753300688A26 /* Embed Frameworks */,
			);
			buildRules = (
			);
			dependencies = (
				4FD639852A750C6B00688A26 /* PBXTargetDependency */,
			);
			name = DMNowPlayingiOS;
			productName = DMNowPlayingiOS;
			productReference = 4FD638D12A727A7600688A26 /* DMNowPlayingiOS.framework */;
			productType = "com.apple.product-type.framework";
		};
		4FD639582A74F57600688A26 /* DMNowPlaying */ = {
			isa = PBXNativeTarget;
			buildConfigurationList = 4FD6396C2A74F57600688A26 /* Build configuration list for PBXNativeTarget "DMNowPlaying" */;
			buildPhases = (
				4FD639542A74F57600688A26 /* Headers */,
				4FD639552A74F57600688A26 /* Sources */,
				4FD639562A74F57600688A26 /* Frameworks */,
				4FD639572A74F57600688A26 /* Resources */,
				4FD6397B2A74F85900688A26 /* Embed Frameworks */,
			);
			buildRules = (
			);
			dependencies = (
			);
			name = DMNowPlaying;
			productName = DMNowPlaying;
			productReference = 4FD639592A74F57600688A26 /* DMNowPlaying.framework */;
			productType = "com.apple.product-type.framework";
		};
		4FD6395F2A74F57600688A26 /* DMNowPlayingTests */ = {
			isa = PBXNativeTarget;
			buildConfigurationList = 4FD6396D2A74F57600688A26 /* Build configuration list for PBXNativeTarget "DMNowPlayingTests" */;
			buildPhases = (
				4FD6395C2A74F57600688A26 /* Sources */,
				4FD6395D2A74F57600688A26 /* Frameworks */,
				4FD6395E2A74F57600688A26 /* Resources */,
			);
			buildRules = (
			);
			dependencies = (
				4FD639632A74F57600688A26 /* PBXTargetDependency */,
			);
			name = DMNowPlayingTests;
			productName = DMNowPlayingTests;
			productReference = 4FD639602A74F57600688A26 /* DMNowPlayingTests.xctest */;
			productType = "com.apple.product-type.bundle.unit-test";
		};
		4FD639A72A764CDC00688A26 /* DMNowPlayingiOSTests */ = {
			isa = PBXNativeTarget;
			buildConfigurationList = 4FD639AF2A764CDC00688A26 /* Build configuration list for PBXNativeTarget "DMNowPlayingiOSTests" */;
			buildPhases = (
				4FD639A42A764CDC00688A26 /* Sources */,
				4FD639A52A764CDC00688A26 /* Frameworks */,
				4FD639A62A764CDC00688A26 /* Resources */,
			);
			buildRules = (
			);
			dependencies = (
				4FD639AE2A764CDC00688A26 /* PBXTargetDependency */,
			);
			name = DMNowPlayingiOSTests;
			productName = DMNowPlayingiOSTests;
			productReference = 4FD639A82A764CDC00688A26 /* DMNowPlayingiOSTests.xctest */;
			productType = "com.apple.product-type.bundle.unit-test";
		};
/* End PBXNativeTarget section */

/* Begin PBXProject section */
		4FD638C82A727A7600688A26 /* Project object */ = {
			isa = PBXProject;
			attributes = {
				BuildIndependentTargetsInParallel = 1;
				LastSwiftUpdateCheck = 1430;
				LastUpgradeCheck = 1430;
				TargetAttributes = {
					4FD638D02A727A7600688A26 = {
						CreatedOnToolsVersion = 14.3.1;
						LastSwiftMigration = 1430;
					};
					4FD639582A74F57600688A26 = {
						CreatedOnToolsVersion = 14.3.1;
						LastSwiftMigration = 1430;
					};
					4FD6395F2A74F57600688A26 = {
						CreatedOnToolsVersion = 14.3.1;
					};
					4FD639A72A764CDC00688A26 = {
						CreatedOnToolsVersion = 14.3.1;
					};
				};
			};
			buildConfigurationList = 4FD638CB2A727A7600688A26 /* Build configuration list for PBXProject "DMNowPlaying" */;
			compatibilityVersion = "Xcode 14.0";
			developmentRegion = en;
			hasScannedForEncodings = 0;
			knownRegions = (
				en,
				Base,
			);
			mainGroup = 4FD638C72A727A7600688A26;
			productRefGroup = 4FD638D22A727A7600688A26 /* Products */;
			projectDirPath = "";
			projectRoot = "";
			targets = (
				4FD638D02A727A7600688A26 /* DMNowPlayingiOS */,
				4FD639582A74F57600688A26 /* DMNowPlaying */,
				4FD6395F2A74F57600688A26 /* DMNowPlayingTests */,
				4FD639A72A764CDC00688A26 /* DMNowPlayingiOSTests */,
			);
		};
/* End PBXProject section */

/* Begin PBXResourcesBuildPhase section */
		4FD638CF2A727A7600688A26 /* Resources */ = {
			isa = PBXResourcesBuildPhase;
			buildActionMask = 2147483647;
			files = (
			);
			runOnlyForDeploymentPostprocessing = 0;
		};
		4FD639572A74F57600688A26 /* Resources */ = {
			isa = PBXResourcesBuildPhase;
			buildActionMask = 2147483647;
			files = (
			);
			runOnlyForDeploymentPostprocessing = 0;
		};
		4FD6395E2A74F57600688A26 /* Resources */ = {
			isa = PBXResourcesBuildPhase;
			buildActionMask = 2147483647;
			files = (
			);
			runOnlyForDeploymentPostprocessing = 0;
		};
		4FD639A62A764CDC00688A26 /* Resources */ = {
			isa = PBXResourcesBuildPhase;
			buildActionMask = 2147483647;
			files = (
			);
			runOnlyForDeploymentPostprocessing = 0;
		};
/* End PBXResourcesBuildPhase section */

/* Begin PBXSourcesBuildPhase section */
		4FD638CD2A727A7600688A26 /* Sources */ = {
			isa = PBXSourcesBuildPhase;
			buildActionMask = 2147483647;
			files = (
				4FD6399D2A7640D900688A26 /* NowPlayingPagingController.swift in Sources */,
				4FD639A32A76489700688A26 /* NowPlayingItemPresentationAdapter.swift in Sources */,
				4FD6399F2A76423100688A26 /* NowPlayingCellController.swift in Sources */,
				4FD639A12A76433000688A26 /* NowPlayingViewAdapter.swift in Sources */,
				4FAC05AF2A768F70006705DB /* UIView+ext.swift in Sources */,
				4FD6399B2A763DB800688A26 /* NowPlayingRefreshController.swift in Sources */,
				4FD638DD2A727C0C00688A26 /* NowPlayingViewController.swift in Sources */,
				4FD639952A75F78500688A26 /* NowPlayingUIComposer.swift in Sources */,
				4FFF39E52A77687D0039033F /* SearchController.swift in Sources */,
				4FD638DF2A727C4400688A26 /* NowPlayingCell.swift in Sources */,
				4FD639982A75F8E700688A26 /* NowPlayingPresentationAdapter.swift in Sources */,
			);
			runOnlyForDeploymentPostprocessing = 0;
		};
		4FD639552A74F57600688A26 /* Sources */ = {
			isa = PBXSourcesBuildPhase;
			buildActionMask = 2147483647;
			files = (
				4FAC05AB2A7678BE006705DB /* NowPlayingImageViewModel.swift in Sources */,
				4FD639702A74F5F900688A26 /* NowPlayingLoader.swift in Sources */,
				4FFF39DF2A7751C80039033F /* GenresMapper.swift in Sources */,
				4FD639742A74F73C00688A26 /* NowPlayingItem.swift in Sources */,
				4FFF39D92A7750F70039033F /* Genre.swift in Sources */,
				4FAC05A92A76787D006705DB /* NowPlayingImagePresenter.swift in Sources */,
				4FD639902A75F37800688A26 /* NowPlayingPagingViewModel.swift in Sources */,
				4FD6398E2A75F35E00688A26 /* NowPlayingLoadingViewModel.swift in Sources */,
				4FD639892A75F1CA00688A26 /* NowPlayingPresenter.swift in Sources */,
				4FD639772A74F80E00688A26 /* RemoteNowPlayingLoader.swift in Sources */,
				4FFF39DB2A7751350039033F /* GenresLoader.swift in Sources */,
				4FFF39E32A77662D0039033F /* RemoteSearchMovieLoader.swift in Sources */,
				4FFF39E12A7758370039033F /* NowPlayingItemviewModel.swift in Sources */,
				4FD6398C2A75F33500688A26 /* NowPlayingViewModel.swift in Sources */,
				4FD639812A75066100688A26 /* NowPlayingItemsMapper.swift in Sources */,
				4FFF39DD2A7751BE0039033F /* RemoteGenresLoader.swift in Sources */,
				4FD639722A74F6D600688A26 /* NowPlayingFeed.swift in Sources */,
			);
			runOnlyForDeploymentPostprocessing = 0;
		};
		4FD6395C2A74F57600688A26 /* Sources */ = {
			isa = PBXSourcesBuildPhase;
			buildActionMask = 2147483647;
			files = (
				4FD639922A75F4A100688A26 /* NowPlayingPresenterTests.swift in Sources */,
				4FD6397D2A74FA2200688A26 /* XCTestCase+Ext.swift in Sources */,
				4FD6397F2A74FB9200688A26 /* HTTPClientSpy.swift in Sources */,
				4FD639662A74F57600688A26 /* RemoteNowPlayingLoaderTests.swift in Sources */,
			);
			runOnlyForDeploymentPostprocessing = 0;
		};
		4FD639A42A764CDC00688A26 /* Sources */ = {
			isa = PBXSourcesBuildPhase;
			buildActionMask = 2147483647;
			files = (
				4FD639B42A764D7000688A26 /* NowPlayingviewController+ext.swift in Sources */,
				4FD639B62A764D9C00688A26 /* UIControl+ext.swift in Sources */,
				4FD639B92A764E0E00688A26 /* XCTestCase+Ext.swift in Sources */,
				4FAC05AD2A768EF5006705DB /* NowPlayingCell+ext.swift in Sources */,
				4FD639AB2A764CDC00688A26 /* NowPlayingViewControllerTests.swift in Sources */,
				4FD639B82A764DC700688A26 /* UIRefreshControl+ext.swift in Sources */,
			);
			runOnlyForDeploymentPostprocessing = 0;
		};
/* End PBXSourcesBuildPhase section */

/* Begin PBXTargetDependency section */
		4FD639632A74F57600688A26 /* PBXTargetDependency */ = {
			isa = PBXTargetDependency;
			target = 4FD639582A74F57600688A26 /* DMNowPlaying */;
			targetProxy = 4FD639622A74F57600688A26 /* PBXContainerItemProxy */;
		};
		4FD639852A750C6B00688A26 /* PBXTargetDependency */ = {
			isa = PBXTargetDependency;
			platformFilter = ios;
			target = 4FD639582A74F57600688A26 /* DMNowPlaying */;
			targetProxy = 4FD639842A750C6B00688A26 /* PBXContainerItemProxy */;
		};
		4FD639AE2A764CDC00688A26 /* PBXTargetDependency */ = {
			isa = PBXTargetDependency;
			target = 4FD638D02A727A7600688A26 /* DMNowPlayingiOS */;
			targetProxy = 4FD639AD2A764CDC00688A26 /* PBXContainerItemProxy */;
		};
/* End PBXTargetDependency section */

/* Begin XCBuildConfiguration section */
		4FD638D62A727A7600688A26 /* Debug */ = {
			isa = XCBuildConfiguration;
			buildSettings = {
				ALWAYS_SEARCH_USER_PATHS = NO;
				CLANG_ANALYZER_NONNULL = YES;
				CLANG_ANALYZER_NUMBER_OBJECT_CONVERSION = YES_AGGRESSIVE;
				CLANG_CXX_LANGUAGE_STANDARD = "gnu++20";
				CLANG_ENABLE_MODULES = YES;
				CLANG_ENABLE_OBJC_ARC = YES;
				CLANG_ENABLE_OBJC_WEAK = YES;
				CLANG_WARN_BLOCK_CAPTURE_AUTORELEASING = YES;
				CLANG_WARN_BOOL_CONVERSION = YES;
				CLANG_WARN_COMMA = YES;
				CLANG_WARN_CONSTANT_CONVERSION = YES;
				CLANG_WARN_DEPRECATED_OBJC_IMPLEMENTATIONS = YES;
				CLANG_WARN_DIRECT_OBJC_ISA_USAGE = YES_ERROR;
				CLANG_WARN_DOCUMENTATION_COMMENTS = YES;
				CLANG_WARN_EMPTY_BODY = YES;
				CLANG_WARN_ENUM_CONVERSION = YES;
				CLANG_WARN_INFINITE_RECURSION = YES;
				CLANG_WARN_INT_CONVERSION = YES;
				CLANG_WARN_NON_LITERAL_NULL_CONVERSION = YES;
				CLANG_WARN_OBJC_IMPLICIT_RETAIN_SELF = YES;
				CLANG_WARN_OBJC_LITERAL_CONVERSION = YES;
				CLANG_WARN_OBJC_ROOT_CLASS = YES_ERROR;
				CLANG_WARN_QUOTED_INCLUDE_IN_FRAMEWORK_HEADER = YES;
				CLANG_WARN_RANGE_LOOP_ANALYSIS = YES;
				CLANG_WARN_STRICT_PROTOTYPES = YES;
				CLANG_WARN_SUSPICIOUS_MOVE = YES;
				CLANG_WARN_UNGUARDED_AVAILABILITY = YES_AGGRESSIVE;
				CLANG_WARN_UNREACHABLE_CODE = YES;
				CLANG_WARN__DUPLICATE_METHOD_MATCH = YES;
				COPY_PHASE_STRIP = NO;
				CURRENT_PROJECT_VERSION = 1;
				DEBUG_INFORMATION_FORMAT = dwarf;
				ENABLE_STRICT_OBJC_MSGSEND = YES;
				ENABLE_TESTABILITY = YES;
				GCC_C_LANGUAGE_STANDARD = gnu11;
				GCC_DYNAMIC_NO_PIC = NO;
				GCC_NO_COMMON_BLOCKS = YES;
				GCC_OPTIMIZATION_LEVEL = 0;
				GCC_PREPROCESSOR_DEFINITIONS = (
					"DEBUG=1",
					"$(inherited)",
				);
				GCC_WARN_64_TO_32_BIT_CONVERSION = YES;
				GCC_WARN_ABOUT_RETURN_TYPE = YES_ERROR;
				GCC_WARN_UNDECLARED_SELECTOR = YES;
				GCC_WARN_UNINITIALIZED_AUTOS = YES_AGGRESSIVE;
				GCC_WARN_UNUSED_FUNCTION = YES;
				GCC_WARN_UNUSED_VARIABLE = YES;
				IPHONEOS_DEPLOYMENT_TARGET = 16.4;
				MTL_ENABLE_DEBUG_INFO = INCLUDE_SOURCE;
				MTL_FAST_MATH = YES;
				ONLY_ACTIVE_ARCH = YES;
				SDKROOT = iphoneos;
				SWIFT_ACTIVE_COMPILATION_CONDITIONS = DEBUG;
				SWIFT_OPTIMIZATION_LEVEL = "-Onone";
				VERSIONING_SYSTEM = "apple-generic";
				VERSION_INFO_PREFIX = "";
			};
			name = Debug;
		};
		4FD638D72A727A7600688A26 /* Release */ = {
			isa = XCBuildConfiguration;
			buildSettings = {
				ALWAYS_SEARCH_USER_PATHS = NO;
				CLANG_ANALYZER_NONNULL = YES;
				CLANG_ANALYZER_NUMBER_OBJECT_CONVERSION = YES_AGGRESSIVE;
				CLANG_CXX_LANGUAGE_STANDARD = "gnu++20";
				CLANG_ENABLE_MODULES = YES;
				CLANG_ENABLE_OBJC_ARC = YES;
				CLANG_ENABLE_OBJC_WEAK = YES;
				CLANG_WARN_BLOCK_CAPTURE_AUTORELEASING = YES;
				CLANG_WARN_BOOL_CONVERSION = YES;
				CLANG_WARN_COMMA = YES;
				CLANG_WARN_CONSTANT_CONVERSION = YES;
				CLANG_WARN_DEPRECATED_OBJC_IMPLEMENTATIONS = YES;
				CLANG_WARN_DIRECT_OBJC_ISA_USAGE = YES_ERROR;
				CLANG_WARN_DOCUMENTATION_COMMENTS = YES;
				CLANG_WARN_EMPTY_BODY = YES;
				CLANG_WARN_ENUM_CONVERSION = YES;
				CLANG_WARN_INFINITE_RECURSION = YES;
				CLANG_WARN_INT_CONVERSION = YES;
				CLANG_WARN_NON_LITERAL_NULL_CONVERSION = YES;
				CLANG_WARN_OBJC_IMPLICIT_RETAIN_SELF = YES;
				CLANG_WARN_OBJC_LITERAL_CONVERSION = YES;
				CLANG_WARN_OBJC_ROOT_CLASS = YES_ERROR;
				CLANG_WARN_QUOTED_INCLUDE_IN_FRAMEWORK_HEADER = YES;
				CLANG_WARN_RANGE_LOOP_ANALYSIS = YES;
				CLANG_WARN_STRICT_PROTOTYPES = YES;
				CLANG_WARN_SUSPICIOUS_MOVE = YES;
				CLANG_WARN_UNGUARDED_AVAILABILITY = YES_AGGRESSIVE;
				CLANG_WARN_UNREACHABLE_CODE = YES;
				CLANG_WARN__DUPLICATE_METHOD_MATCH = YES;
				COPY_PHASE_STRIP = NO;
				CURRENT_PROJECT_VERSION = 1;
				DEBUG_INFORMATION_FORMAT = "dwarf-with-dsym";
				ENABLE_NS_ASSERTIONS = NO;
				ENABLE_STRICT_OBJC_MSGSEND = YES;
				GCC_C_LANGUAGE_STANDARD = gnu11;
				GCC_NO_COMMON_BLOCKS = YES;
				GCC_WARN_64_TO_32_BIT_CONVERSION = YES;
				GCC_WARN_ABOUT_RETURN_TYPE = YES_ERROR;
				GCC_WARN_UNDECLARED_SELECTOR = YES;
				GCC_WARN_UNINITIALIZED_AUTOS = YES_AGGRESSIVE;
				GCC_WARN_UNUSED_FUNCTION = YES;
				GCC_WARN_UNUSED_VARIABLE = YES;
				IPHONEOS_DEPLOYMENT_TARGET = 16.4;
				MTL_ENABLE_DEBUG_INFO = NO;
				MTL_FAST_MATH = YES;
				SDKROOT = iphoneos;
				SWIFT_COMPILATION_MODE = wholemodule;
				SWIFT_OPTIMIZATION_LEVEL = "-O";
				VALIDATE_PRODUCT = YES;
				VERSIONING_SYSTEM = "apple-generic";
				VERSION_INFO_PREFIX = "";
			};
			name = Release;
		};
		4FD638D92A727A7600688A26 /* Debug */ = {
			isa = XCBuildConfiguration;
			buildSettings = {
				CLANG_ENABLE_MODULES = YES;
				CODE_SIGN_STYLE = Automatic;
				CURRENT_PROJECT_VERSION = 1;
				DEFINES_MODULE = YES;
				DEVELOPMENT_TEAM = 846K69FUHV;
				DYLIB_COMPATIBILITY_VERSION = 1;
				DYLIB_CURRENT_VERSION = 1;
				DYLIB_INSTALL_NAME_BASE = "@rpath";
				ENABLE_MODULE_VERIFIER = YES;
				GENERATE_INFOPLIST_FILE = YES;
				INFOPLIST_KEY_NSHumanReadableCopyright = "";
				INSTALL_PATH = "$(LOCAL_LIBRARY_DIR)/Frameworks";
				IPHONEOS_DEPLOYMENT_TARGET = 13.0;
				LD_RUNPATH_SEARCH_PATHS = (
					"$(inherited)",
					"@executable_path/Frameworks",
					"@loader_path/Frameworks",
				);
				MARKETING_VERSION = 1.0;
				MODULE_VERIFIER_SUPPORTED_LANGUAGES = "objective-c objective-c++";
				MODULE_VERIFIER_SUPPORTED_LANGUAGE_STANDARDS = "gnu11 gnu++20";
				PRODUCT_BUNDLE_IDENTIFIER = com.overheardswift.DMNowPlayingiOS;
				PRODUCT_NAME = "$(TARGET_NAME:c99extidentifier)";
				SKIP_INSTALL = YES;
				SUPPORTED_PLATFORMS = "iphoneos iphonesimulator";
				SUPPORTS_MACCATALYST = NO;
				SUPPORTS_MAC_DESIGNED_FOR_IPHONE_IPAD = YES;
				SWIFT_EMIT_LOC_STRINGS = YES;
				SWIFT_OPTIMIZATION_LEVEL = "-Onone";
				SWIFT_VERSION = 5.0;
				TARGETED_DEVICE_FAMILY = "1,2";
			};
			name = Debug;
		};
		4FD638DA2A727A7600688A26 /* Release */ = {
			isa = XCBuildConfiguration;
			buildSettings = {
				CLANG_ENABLE_MODULES = YES;
				CODE_SIGN_STYLE = Automatic;
				CURRENT_PROJECT_VERSION = 1;
				DEFINES_MODULE = YES;
				DEVELOPMENT_TEAM = 846K69FUHV;
				DYLIB_COMPATIBILITY_VERSION = 1;
				DYLIB_CURRENT_VERSION = 1;
				DYLIB_INSTALL_NAME_BASE = "@rpath";
				ENABLE_MODULE_VERIFIER = YES;
				GENERATE_INFOPLIST_FILE = YES;
				INFOPLIST_KEY_NSHumanReadableCopyright = "";
				INSTALL_PATH = "$(LOCAL_LIBRARY_DIR)/Frameworks";
				IPHONEOS_DEPLOYMENT_TARGET = 13.0;
				LD_RUNPATH_SEARCH_PATHS = (
					"$(inherited)",
					"@executable_path/Frameworks",
					"@loader_path/Frameworks",
				);
				MARKETING_VERSION = 1.0;
				MODULE_VERIFIER_SUPPORTED_LANGUAGES = "objective-c objective-c++";
				MODULE_VERIFIER_SUPPORTED_LANGUAGE_STANDARDS = "gnu11 gnu++20";
				PRODUCT_BUNDLE_IDENTIFIER = com.overheardswift.DMNowPlayingiOS;
				PRODUCT_NAME = "$(TARGET_NAME:c99extidentifier)";
				SKIP_INSTALL = YES;
				SUPPORTED_PLATFORMS = "iphoneos iphonesimulator";
				SUPPORTS_MACCATALYST = NO;
				SUPPORTS_MAC_DESIGNED_FOR_IPHONE_IPAD = YES;
				SWIFT_EMIT_LOC_STRINGS = YES;
				SWIFT_VERSION = 5.0;
				TARGETED_DEVICE_FAMILY = "1,2";
			};
			name = Release;
		};
		4FD639682A74F57600688A26 /* Debug */ = {
			isa = XCBuildConfiguration;
			buildSettings = {
				CLANG_ENABLE_MODULES = YES;
				CODE_SIGN_STYLE = Automatic;
				COMBINE_HIDPI_IMAGES = YES;
				CURRENT_PROJECT_VERSION = 1;
				DEFINES_MODULE = YES;
				DEVELOPMENT_TEAM = 846K69FUHV;
				DYLIB_COMPATIBILITY_VERSION = 1;
				DYLIB_CURRENT_VERSION = 1;
				DYLIB_INSTALL_NAME_BASE = "@rpath";
				ENABLE_MODULE_VERIFIER = YES;
				GENERATE_INFOPLIST_FILE = YES;
				INFOPLIST_KEY_NSHumanReadableCopyright = "";
				INSTALL_PATH = "$(LOCAL_LIBRARY_DIR)/Frameworks";
				IPHONEOS_DEPLOYMENT_TARGET = 13.0;
				LD_RUNPATH_SEARCH_PATHS = (
					"$(inherited)",
					"@executable_path/../Frameworks",
					"@loader_path/Frameworks",
				);
				MACOSX_DEPLOYMENT_TARGET = 13.3;
				MARKETING_VERSION = 1.0;
				MODULE_VERIFIER_SUPPORTED_LANGUAGES = "objective-c objective-c++";
				MODULE_VERIFIER_SUPPORTED_LANGUAGE_STANDARDS = "gnu11 gnu++20";
				PRODUCT_BUNDLE_IDENTIFIER = com.overheardswift.DMNowPlaying;
				PRODUCT_NAME = "$(TARGET_NAME:c99extidentifier)";
				SDKROOT = macosx;
				SKIP_INSTALL = YES;
				SUPPORTED_PLATFORMS = "macosx iphoneos iphonesimulator";
				SWIFT_EMIT_LOC_STRINGS = YES;
				SWIFT_OPTIMIZATION_LEVEL = "-Onone";
				SWIFT_VERSION = 5.0;
			};
			name = Debug;
		};
		4FD639692A74F57600688A26 /* Release */ = {
			isa = XCBuildConfiguration;
			buildSettings = {
				CLANG_ENABLE_MODULES = YES;
				CODE_SIGN_STYLE = Automatic;
				COMBINE_HIDPI_IMAGES = YES;
				CURRENT_PROJECT_VERSION = 1;
				DEFINES_MODULE = YES;
				DEVELOPMENT_TEAM = 846K69FUHV;
				DYLIB_COMPATIBILITY_VERSION = 1;
				DYLIB_CURRENT_VERSION = 1;
				DYLIB_INSTALL_NAME_BASE = "@rpath";
				ENABLE_MODULE_VERIFIER = YES;
				GENERATE_INFOPLIST_FILE = YES;
				INFOPLIST_KEY_NSHumanReadableCopyright = "";
				INSTALL_PATH = "$(LOCAL_LIBRARY_DIR)/Frameworks";
				IPHONEOS_DEPLOYMENT_TARGET = 13.0;
				LD_RUNPATH_SEARCH_PATHS = (
					"$(inherited)",
					"@executable_path/../Frameworks",
					"@loader_path/Frameworks",
				);
				MACOSX_DEPLOYMENT_TARGET = 13.3;
				MARKETING_VERSION = 1.0;
				MODULE_VERIFIER_SUPPORTED_LANGUAGES = "objective-c objective-c++";
				MODULE_VERIFIER_SUPPORTED_LANGUAGE_STANDARDS = "gnu11 gnu++20";
				PRODUCT_BUNDLE_IDENTIFIER = com.overheardswift.DMNowPlaying;
				PRODUCT_NAME = "$(TARGET_NAME:c99extidentifier)";
				SDKROOT = macosx;
				SKIP_INSTALL = YES;
				SUPPORTED_PLATFORMS = "macosx iphoneos iphonesimulator";
				SWIFT_EMIT_LOC_STRINGS = YES;
				SWIFT_VERSION = 5.0;
			};
			name = Release;
		};
		4FD6396A2A74F57600688A26 /* Debug */ = {
			isa = XCBuildConfiguration;
			buildSettings = {
				ALWAYS_EMBED_SWIFT_STANDARD_LIBRARIES = YES;
				CODE_SIGN_STYLE = Automatic;
				CURRENT_PROJECT_VERSION = 1;
				DEVELOPMENT_TEAM = 846K69FUHV;
				GENERATE_INFOPLIST_FILE = YES;
				MACOSX_DEPLOYMENT_TARGET = 13.3;
				MARKETING_VERSION = 1.0;
				PRODUCT_BUNDLE_IDENTIFIER = com.overheardswift.DMNowPlayingTests;
				PRODUCT_NAME = "$(TARGET_NAME)";
				SDKROOT = macosx;
				SWIFT_EMIT_LOC_STRINGS = NO;
				SWIFT_VERSION = 5.0;
			};
			name = Debug;
		};
		4FD6396B2A74F57600688A26 /* Release */ = {
			isa = XCBuildConfiguration;
			buildSettings = {
				ALWAYS_EMBED_SWIFT_STANDARD_LIBRARIES = YES;
				CODE_SIGN_STYLE = Automatic;
				CURRENT_PROJECT_VERSION = 1;
				DEVELOPMENT_TEAM = 846K69FUHV;
				GENERATE_INFOPLIST_FILE = YES;
				MACOSX_DEPLOYMENT_TARGET = 13.3;
				MARKETING_VERSION = 1.0;
				PRODUCT_BUNDLE_IDENTIFIER = com.overheardswift.DMNowPlayingTests;
				PRODUCT_NAME = "$(TARGET_NAME)";
				SDKROOT = macosx;
				SWIFT_EMIT_LOC_STRINGS = NO;
				SWIFT_VERSION = 5.0;
			};
			name = Release;
		};
		4FD639B02A764CDC00688A26 /* Debug */ = {
			isa = XCBuildConfiguration;
			buildSettings = {
				CODE_SIGN_STYLE = Automatic;
				CURRENT_PROJECT_VERSION = 1;
				DEVELOPMENT_TEAM = 846K69FUHV;
				GENERATE_INFOPLIST_FILE = YES;
				MARKETING_VERSION = 1.0;
				PRODUCT_BUNDLE_IDENTIFIER = com.overheardswift.DMNowPlayingiOSTests;
				PRODUCT_NAME = "$(TARGET_NAME)";
				SWIFT_EMIT_LOC_STRINGS = NO;
				SWIFT_VERSION = 5.0;
				TARGETED_DEVICE_FAMILY = "1,2";
			};
			name = Debug;
		};
		4FD639B12A764CDC00688A26 /* Release */ = {
			isa = XCBuildConfiguration;
			buildSettings = {
				CODE_SIGN_STYLE = Automatic;
				CURRENT_PROJECT_VERSION = 1;
				DEVELOPMENT_TEAM = 846K69FUHV;
				GENERATE_INFOPLIST_FILE = YES;
				MARKETING_VERSION = 1.0;
				PRODUCT_BUNDLE_IDENTIFIER = com.overheardswift.DMNowPlayingiOSTests;
				PRODUCT_NAME = "$(TARGET_NAME)";
				SWIFT_EMIT_LOC_STRINGS = NO;
				SWIFT_VERSION = 5.0;
				TARGETED_DEVICE_FAMILY = "1,2";
			};
			name = Release;
		};
/* End XCBuildConfiguration section */

/* Begin XCConfigurationList section */
		4FD638CB2A727A7600688A26 /* Build configuration list for PBXProject "DMNowPlaying" */ = {
			isa = XCConfigurationList;
			buildConfigurations = (
				4FD638D62A727A7600688A26 /* Debug */,
				4FD638D72A727A7600688A26 /* Release */,
			);
			defaultConfigurationIsVisible = 0;
			defaultConfigurationName = Release;
		};
		4FD638D82A727A7600688A26 /* Build configuration list for PBXNativeTarget "DMNowPlayingiOS" */ = {
			isa = XCConfigurationList;
			buildConfigurations = (
				4FD638D92A727A7600688A26 /* Debug */,
				4FD638DA2A727A7600688A26 /* Release */,
			);
			defaultConfigurationIsVisible = 0;
			defaultConfigurationName = Release;
		};
		4FD6396C2A74F57600688A26 /* Build configuration list for PBXNativeTarget "DMNowPlaying" */ = {
			isa = XCConfigurationList;
			buildConfigurations = (
				4FD639682A74F57600688A26 /* Debug */,
				4FD639692A74F57600688A26 /* Release */,
			);
			defaultConfigurationIsVisible = 0;
			defaultConfigurationName = Release;
		};
		4FD6396D2A74F57600688A26 /* Build configuration list for PBXNativeTarget "DMNowPlayingTests" */ = {
			isa = XCConfigurationList;
			buildConfigurations = (
				4FD6396A2A74F57600688A26 /* Debug */,
				4FD6396B2A74F57600688A26 /* Release */,
			);
			defaultConfigurationIsVisible = 0;
			defaultConfigurationName = Release;
		};
		4FD639AF2A764CDC00688A26 /* Build configuration list for PBXNativeTarget "DMNowPlayingiOSTests" */ = {
			isa = XCConfigurationList;
			buildConfigurations = (
				4FD639B02A764CDC00688A26 /* Debug */,
				4FD639B12A764CDC00688A26 /* Release */,
			);
			defaultConfigurationIsVisible = 0;
			defaultConfigurationName = Release;
		};
/* End XCConfigurationList section */
	};
	rootObject = 4FD638C82A727A7600688A26 /* Project object */;
}
